
Microsoft Visual Studio Solution File, Format Version 12.00
# Visual Studio 2015
Project("{FAE04EC0-301F-11D3-BF4B-00C04F79EFBC}") = "Move38_Pong.CSharp", "Move38_Pong.CSharp.csproj", "{5DF342D5-6D06-0A3D-862D-0B6E5F074623}"
EndProject
Global
	GlobalSection(SolutionConfigurationPlatforms) = preSolution
		Debug|Any CPU = Debug|Any CPU
		Release|Any CPU = Release|Any CPU
	EndGlobalSection
	GlobalSection(ProjectConfigurationPlatforms) = postSolution
		{5DF342D5-6D06-0A3D-862D-0B6E5F074623}.Debug|Any CPU.ActiveCfg = Debug|Any CPU
		{5DF342D5-6D06-0A3D-862D-0B6E5F074623}.Debug|Any CPU.Build.0 = Debug|Any CPU
		{5DF342D5-6D06-0A3D-862D-0B6E5F074623}.Release|Any CPU.ActiveCfg = Release|Any CPU
		{5DF342D5-6D06-0A3D-862D-0B6E5F074623}.Release|Any CPU.Build.0 = Release|Any CPU
	EndGlobalSection
	GlobalSection(SolutionProperties) = preSolution
		HideSolutionNode = FALSE
	EndGlobalSection
EndGlobal
